{
  "name": "EasyCodingEditor_Web",
  "lockfileVersion": 2,
  "requires": true,
  "packages": {
    "": {
      "dependencies": {
        "file-saver": "^2.0.5",
        "js-cookie": "^3.0.1"
      }
    },
    "node_modules/file-saver": {
      "version": "2.0.5",
      "resolved": "https://registry.npmjs.org/file-saver/-/file-saver-2.0.5.tgz",
      "integrity": "sha512-P9bmyZ3h/PRG+Nzga+rbdI4OEpNDzAVyy74uVO9ATgzLK6VtAsYybF/+TOCvrc0MO793d6+42lLyZTw7/ArVzA=="
    },
    "node_modules/js-cookie": {
      "version": "3.0.1",
      "resolved": "https://registry.npmjs.org/js-cookie/-/js-cookie-3.0.1.tgz",
      "integrity": "sha512-+0rgsUXZu4ncpPxRL+lNEptWMOWl9etvPHc/koSRp6MPwpRYAhmk0dUG00J4bxVV3r9uUzfo24wW0knS07SKSw==",
      "engines": {
        "node": ">=12"
      }
    }
  },
  "dependencies": {
    "file-saver": {
      "version": "2.0.5",
      "resolved": "https://registry.npmjs.org/file-saver/-/file-saver-2.0.5.tgz",
      "integrity": "sha512-P9bmyZ3h/PRG+Nzga+rbdI4OEpNDzAVyy74uVO9ATgzLK6VtAsYybF/+TOCvrc0MO793d6+42lLyZTw7/ArVzA=="
    },
    "js-cookie": {
      "version": "3.0.1",
      "resolved": "https://registry.npmjs.org/js-cookie/-/js-cookie-3.0.1.tgz",
      "integrity": "sha512-+0rgsUXZu4ncpPxRL+lNEptWMOWl9etvPHc/koSRp6MPwpRYAhmk0dUG00J4bxVV3r9uUzfo24wW0knS07SKSw=="
    }
  }
}
